
Microsoft Visual Studio Solution File, Format Version 12.00
# Visual Studio Version 16
VisualStudioVersion = 16.0.29709.97
MinimumVisualStudioVersion = 10.0.40219.1
Project("{FAE04EC0-301F-11D3-BF4B-00C04F79EFBC}") = "DemoAssistant.UWP", "DemoAssistant\DemoAssistant.UWP\DemoAssistant.UWP.csproj", "{D426E939-C2D3-48F9-AF15-E27C4095F921}"
EndProject
Project("{FAE04EC0-301F-11D3-BF4B-00C04F79EFBC}") = "DemoAssistant.Android", "DemoAssistant\DemoAssistant.Android\DemoAssistant.Android.csproj", "{D01F4204-F214-459E-860E-ADF7ADBAD254}"
EndProject
Project("{FAE04EC0-301F-11D3-BF4B-00C04F79EFBC}") = "DemoAssistant.iOS", "DemoAssistant\DemoAssistant.iOS\DemoAssistant.iOS.csproj", "{5D87AF4A-75E2-40A3-A6E6-FFDE54BE85AC}"
EndProject
Project("{FAE04EC0-301F-11D3-BF4B-00C04F79EFBC}") = "DemoAssistant", "DemoAssistant\DemoAssistant\DemoAssistant.csproj", "{51383A26-6533-459C-BA05-C8AE9AF49C18}"
EndProject
Global
	GlobalSection(SolutionConfigurationPlatforms) = preSolution
		Debug|Any CPU = Debug|Any CPU
		Debug|ARM = Debug|ARM
		Debug|iPhone = Debug|iPhone
		Debug|iPhoneSimulator = Debug|iPhoneSimulator
		Debug|x64 = Debug|x64
		Debug|x86 = Debug|x86
		Release|Any CPU = Release|Any CPU
		Release|ARM = Release|ARM
		Release|iPhone = Release|iPhone
		Release|iPhoneSimulator = Release|iPhoneSimulator
		Release|x64 = Release|x64
		Release|x86 = Release|x86
	EndGlobalSection
	GlobalSection(ProjectConfigurationPlatforms) = postSolution
		{D426E939-C2D3-48F9-AF15-E27C4095F921}.Debug|Any CPU.ActiveCfg = Debug|x86
		{D426E939-C2D3-48F9-AF15-E27C4095F921}.Debug|Any CPU.Build.0 = Debug|x86
		{D426E939-C2D3-48F9-AF15-E27C4095F921}.Debug|Any CPU.Deploy.0 = Debug|x86
		{D426E939-C2D3-48F9-AF15-E27C4095F921}.Debug|ARM.ActiveCfg = Debug|ARM
		{D426E939-C2D3-48F9-AF15-E27C4095F921}.Debug|ARM.Build.0 = Debug|ARM
		{D426E939-C2D3-48F9-AF15-E27C4095F921}.Debug|ARM.Deploy.0 = Debug|ARM
		{D426E939-C2D3-48F9-AF15-E27C4095F921}.Debug|iPhone.ActiveCfg = Debug|x86
		{D426E939-C2D3-48F9-AF15-E27C4095F921}.Debug|iPhone.Build.0 = Debug|x86
		{D426E939-C2D3-48F9-AF15-E27C4095F921}.Debug|iPhone.Deploy.0 = Debug|x86
		{D426E939-C2D3-48F9-AF15-E27C4095F921}.Debug|iPhoneSimulator.ActiveCfg = Debug|x86
		{D426E939-C2D3-48F9-AF15-E27C4095F921}.Debug|iPhoneSimulator.Build.0 = Debug|x86
		{D426E939-C2D3-48F9-AF15-E27C4095F921}.Debug|iPhoneSimulator.Deploy.0 = Debug|x86
		{D426E939-C2D3-48F9-AF15-E27C4095F921}.Debug|x64.ActiveCfg = Debug|x64
		{D426E939-C2D3-48F9-AF15-E27C4095F921}.Debug|x64.Build.0 = Debug|x64
		{D426E939-C2D3-48F9-AF15-E27C4095F921}.Debug|x64.Deploy.0 = Debug|x64
		{D426E939-C2D3-48F9-AF15-E27C4095F921}.Debug|x86.ActiveCfg = Debug|x86
		{D426E939-C2D3-48F9-AF15-E27C4095F921}.Debug|x86.Build.0 = Debug|x86
		{D426E939-C2D3-48F9-AF15-E27C4095F921}.Debug|x86.Deploy.0 = Debug|x86
		{D426E939-C2D3-48F9-AF15-E27C4095F921}.Release|Any CPU.ActiveCfg = Release|x86
		{D426E939-C2D3-48F9-AF15-E27C4095F921}.Release|Any CPU.Build.0 = Release|x86
		{D426E939-C2D3-48F9-AF15-E27C4095F921}.Release|Any CPU.Deploy.0 = Release|x86
		{D426E939-C2D3-48F9-AF15-E27C4095F921}.Release|ARM.ActiveCfg = Release|ARM
		{D426E939-C2D3-48F9-AF15-E27C4095F921}.Release|ARM.Build.0 = Release|ARM
		{D426E939-C2D3-48F9-AF15-E27C4095F921}.Release|ARM.Deploy.0 = Release|ARM
		{D426E939-C2D3-48F9-AF15-E27C4095F921}.Release|iPhone.ActiveCfg = Release|x86
		{D426E939-C2D3-48F9-AF15-E27C4095F921}.Release|iPhone.Build.0 = Release|x86
		{D426E939-C2D3-48F9-AF15-E27C4095F921}.Release|iPhone.Deploy.0 = Release|x86
		{D426E939-C2D3-48F9-AF15-E27C4095F921}.Release|iPhoneSimulator.ActiveCfg = Release|x86
		{D426E939-C2D3-48F9-AF15-E27C4095F921}.Release|iPhoneSimulator.Build.0 = Release|x86
		{D426E939-C2D3-48F9-AF15-E27C4095F921}.Release|iPhoneSimulator.Deploy.0 = Release|x86
		{D426E939-C2D3-48F9-AF15-E27C4095F921}.Release|x64.ActiveCfg = Release|x64
		{D426E939-C2D3-48F9-AF15-E27C4095F921}.Release|x64.Build.0 = Release|x64
		{D426E939-C2D3-48F9-AF15-E27C4095F921}.Release|x64.Deploy.0 = Release|x64
		{D426E939-C2D3-48F9-AF15-E27C4095F921}.Release|x86.ActiveCfg = Release|x86
		{D426E939-C2D3-48F9-AF15-E27C4095F921}.Release|x86.Build.0 = Release|x86
		{D426E939-C2D3-48F9-AF15-E27C4095F921}.Release|x86.Deploy.0 = Release|x86
		{D01F4204-F214-459E-860E-ADF7ADBAD254}.Debug|Any CPU.ActiveCfg = Debug|Any CPU
		{D01F4204-F214-459E-860E-ADF7ADBAD254}.Debug|Any CPU.Build.0 = Debug|Any CPU
		{D01F4204-F214-459E-860E-ADF7ADBAD254}.Debug|Any CPU.Deploy.0 = Debug|Any CPU
		{D01F4204-F214-459E-860E-ADF7ADBAD254}.Debug|ARM.ActiveCfg = Debug|Any CPU
		{D01F4204-F214-459E-860E-ADF7ADBAD254}.Debug|ARM.Build.0 = Debug|Any CPU
		{D01F4204-F214-459E-860E-ADF7ADBAD254}.Debug|ARM.Deploy.0 = Debug|Any CPU
		{D01F4204-F214-459E-860E-ADF7ADBAD254}.Debug|iPhone.ActiveCfg = Debug|Any CPU
		{D01F4204-F214-459E-860E-ADF7ADBAD254}.Debug|iPhone.Build.0 = Debug|Any CPU
		{D01F4204-F214-459E-860E-ADF7ADBAD254}.Debug|iPhone.Deploy.0 = Debug|Any CPU
		{D01F4204-F214-459E-860E-ADF7ADBAD254}.Debug|iPhoneSimulator.ActiveCfg = Debug|Any CPU
		{D01F4204-F214-459E-860E-ADF7ADBAD254}.Debug|iPhoneSimulator.Build.0 = Debug|Any CPU
		{D01F4204-F214-459E-860E-ADF7ADBAD254}.Debug|iPhoneSimulator.Deploy.0 = Debug|Any CPU
		{D01F4204-F214-459E-860E-ADF7ADBAD254}.Debug|x64.ActiveCfg = Debug|Any CPU
		{D01F4204-F214-459E-860E-ADF7ADBAD254}.Debug|x64.Build.0 = Debug|Any CPU
		{D01F4204-F214-459E-860E-ADF7ADBAD254}.Debug|x64.Deploy.0 = Debug|Any CPU
		{D01F4204-F214-459E-860E-ADF7ADBAD254}.Debug|x86.ActiveCfg = Debug|Any CPU
		{D01F4204-F214-459E-860E-ADF7ADBAD254}.Debug|x86.Build.0 = Debug|Any CPU
		{D01F4204-F214-459E-860E-ADF7ADBAD254}.Debug|x86.Deploy.0 = Debug|Any CPU
		{D01F4204-F214-459E-860E-ADF7ADBAD254}.Release|Any CPU.ActiveCfg = Release|Any CPU
		{D01F4204-F214-459E-860E-ADF7ADBAD254}.Release|Any CPU.Build.0 = Release|Any CPU
		{D01F4204-F214-459E-860E-ADF7ADBAD254}.Release|Any CPU.Deploy.0 = Release|Any CPU
		{D01F4204-F214-459E-860E-ADF7ADBAD254}.Release|ARM.ActiveCfg = Release|Any CPU
		{D01F4204-F214-459E-860E-ADF7ADBAD254}.Release|ARM.Build.0 = Release|Any CPU
		{D01F4204-F214-459E-860E-ADF7ADBAD254}.Release|ARM.Deploy.0 = Release|Any CPU
		{D01F4204-F214-459E-860E-ADF7ADBAD254}.Release|iPhone.ActiveCfg = Release|Any CPU
		{D01F4204-F214-459E-860E-ADF7ADBAD254}.Release|iPhone.Build.0 = Release|Any CPU
		{D01F4204-F214-459E-860E-ADF7ADBAD254}.Release|iPhone.Deploy.0 = Release|Any CPU
		{D01F4204-F214-459E-860E-ADF7ADBAD254}.Release|iPhoneSimulator.ActiveCfg = Release|Any CPU
		{D01F4204-F214-459E-860E-ADF7ADBAD254}.Release|iPhoneSimulator.Build.0 = Release|Any CPU
		{D01F4204-F214-459E-860E-ADF7ADBAD254}.Release|iPhoneSimulator.Deploy.0 = Release|Any CPU
		{D01F4204-F214-459E-860E-ADF7ADBAD254}.Release|x64.ActiveCfg = Release|Any CPU
		{D01F4204-F214-459E-860E-ADF7ADBAD254}.Release|x64.Build.0 = Release|Any CPU
		{D01F4204-F214-459E-860E-ADF7ADBAD254}.Release|x64.Deploy.0 = Release|Any CPU
		{D01F4204-F214-459E-860E-ADF7ADBAD254}.Release|x86.ActiveCfg = Release|Any CPU
		{D01F4204-F214-459E-860E-ADF7ADBAD254}.Release|x86.Build.0 = Release|Any CPU
		{D01F4204-F214-459E-860E-ADF7ADBAD254}.Release|x86.Deploy.0 = Release|Any CPU
		{5D87AF4A-75E2-40A3-A6E6-FFDE54BE85AC}.Debug|Any CPU.ActiveCfg = Debug|iPhone
		{5D87AF4A-75E2-40A3-A6E6-FFDE54BE85AC}.Debug|Any CPU.Build.0 = Debug|iPhone
		{5D87AF4A-75E2-40A3-A6E6-FFDE54BE85AC}.Debug|Any CPU.Deploy.0 = Debug|iPhone
		{5D87AF4A-75E2-40A3-A6E6-FFDE54BE85AC}.Debug|ARM.ActiveCfg = Debug|iPhoneSimulator
		{5D87AF4A-75E2-40A3-A6E6-FFDE54BE85AC}.Debug|ARM.Build.0 = Debug|iPhoneSimulator
		{5D87AF4A-75E2-40A3-A6E6-FFDE54BE85AC}.Debug|ARM.Deploy.0 = Debug|iPhoneSimulator
		{5D87AF4A-75E2-40A3-A6E6-FFDE54BE85AC}.Debug|iPhone.ActiveCfg = Debug|iPhone
		{5D87AF4A-75E2-40A3-A6E6-FFDE54BE85AC}.Debug|iPhone.Build.0 = Debug|iPhone
		{5D87AF4A-75E2-40A3-A6E6-FFDE54BE85AC}.Debug|iPhone.Deploy.0 = Debug|iPhone
		{5D87AF4A-75E2-40A3-A6E6-FFDE54BE85AC}.Debug|iPhoneSimulator.ActiveCfg = Debug|iPhoneSimulator
		{5D87AF4A-75E2-40A3-A6E6-FFDE54BE85AC}.Debug|iPhoneSimulator.Build.0 = Debug|iPhoneSimulator
		{5D87AF4A-75E2-40A3-A6E6-FFDE54BE85AC}.Debug|iPhoneSimulator.Deploy.0 = Debug|iPhoneSimulator
		{5D87AF4A-75E2-40A3-A6E6-FFDE54BE85AC}.Debug|x64.ActiveCfg = Debug|iPhone
		{5D87AF4A-75E2-40A3-A6E6-FFDE54BE85AC}.Debug|x64.Build.0 = Debug|iPhone
		{5D87AF4A-75E2-40A3-A6E6-FFDE54BE85AC}.Debug|x64.Deploy.0 = Debug|iPhone
		{5D87AF4A-75E2-40A3-A6E6-FFDE54BE85AC}.Debug|x86.ActiveCfg = Debug|iPhone
		{5D87AF4A-75E2-40A3-A6E6-FFDE54BE85AC}.Debug|x86.Build.0 = Debug|iPhone
		{5D87AF4A-75E2-40A3-A6E6-FFDE54BE85AC}.Debug|x86.Deploy.0 = Debug|iPhone
		{5D87AF4A-75E2-40A3-A6E6-FFDE54BE85AC}.Release|Any CPU.ActiveCfg = Release|iPhone
		{5D87AF4A-75E2-40A3-A6E6-FFDE54BE85AC}.Release|Any CPU.Build.0 = Release|iPhone
		{5D87AF4A-75E2-40A3-A6E6-FFDE54BE85AC}.Release|Any CPU.Deploy.0 = Release|iPhone
		{5D87AF4A-75E2-40A3-A6E6-FFDE54BE85AC}.Release|ARM.ActiveCfg = Release|iPhone
		{5D87AF4A-75E2-40A3-A6E6-FFDE54BE85AC}.Release|ARM.Build.0 = Release|iPhone
		{5D87AF4A-75E2-40A3-A6E6-FFDE54BE85AC}.Release|ARM.Deploy.0 = Release|iPhone
		{5D87AF4A-75E2-40A3-A6E6-FFDE54BE85AC}.Release|iPhone.ActiveCfg = Release|iPhone
		{5D87AF4A-75E2-40A3-A6E6-FFDE54BE85AC}.Release|iPhone.Build.0 = Release|iPhone
		{5D87AF4A-75E2-40A3-A6E6-FFDE54BE85AC}.Release|iPhone.Deploy.0 = Release|iPhone
		{5D87AF4A-75E2-40A3-A6E6-FFDE54BE85AC}.Release|iPhoneSimulator.ActiveCfg = Release|iPhoneSimulator
		{5D87AF4A-75E2-40A3-A6E6-FFDE54BE85AC}.Release|iPhoneSimulator.Build.0 = Release|iPhoneSimulator
		{5D87AF4A-75E2-40A3-A6E6-FFDE54BE85AC}.Release|iPhoneSimulator.Deploy.0 = Release|iPhoneSimulator
		{5D87AF4A-75E2-40A3-A6E6-FFDE54BE85AC}.Release|x64.ActiveCfg = Release|iPhone
		{5D87AF4A-75E2-40A3-A6E6-FFDE54BE85AC}.Release|x64.Build.0 = Release|iPhone
		{5D87AF4A-75E2-40A3-A6E6-FFDE54BE85AC}.Release|x64.Deploy.0 = Release|iPhone
		{5D87AF4A-75E2-40A3-A6E6-FFDE54BE85AC}.Release|x86.ActiveCfg = Release|iPhone
		{5D87AF4A-75E2-40A3-A6E6-FFDE54BE85AC}.Release|x86.Build.0 = Release|iPhone
		{5D87AF4A-75E2-40A3-A6E6-FFDE54BE85AC}.Release|x86.Deploy.0 = Release|iPhone
		{51383A26-6533-459C-BA05-C8AE9AF49C18}.Debug|Any CPU.ActiveCfg = Debug|Any CPU
		{51383A26-6533-459C-BA05-C8AE9AF49C18}.Debug|Any CPU.Build.0 = Debug|Any CPU
		{51383A26-6533-459C-BA05-C8AE9AF49C18}.Debug|Any CPU.Deploy.0 = Debug|Any CPU
		{51383A26-6533-459C-BA05-C8AE9AF49C18}.Debug|ARM.ActiveCfg = Debug|Any CPU
		{51383A26-6533-459C-BA05-C8AE9AF49C18}.Debug|ARM.Build.0 = Debug|Any CPU
		{51383A26-6533-459C-BA05-C8AE9AF49C18}.Debug|ARM.Deploy.0 = Debug|Any CPU
		{51383A26-6533-459C-BA05-C8AE9AF49C18}.Debug|iPhone.ActiveCfg = Debug|Any CPU
		{51383A26-6533-459C-BA05-C8AE9AF49C18}.Debug|iPhone.Build.0 = Debug|Any CPU
		{51383A26-6533-459C-BA05-C8AE9AF49C18}.Debug|iPhone.Deploy.0 = Debug|Any CPU
		{51383A26-6533-459C-BA05-C8AE9AF49C18}.Debug|iPhoneSimulator.ActiveCfg = Debug|Any CPU
		{51383A26-6533-459C-BA05-C8AE9AF49C18}.Debug|iPhoneSimulator.Build.0 = Debug|Any CPU
		{51383A26-6533-459C-BA05-C8AE9AF49C18}.Debug|iPhoneSimulator.Deploy.0 = Debug|Any CPU
		{51383A26-6533-459C-BA05-C8AE9AF49C18}.Debug|x64.ActiveCfg = Debug|Any CPU
		{51383A26-6533-459C-BA05-C8AE9AF49C18}.Debug|x64.Build.0 = Debug|Any CPU
		{51383A26-6533-459C-BA05-C8AE9AF49C18}.Debug|x64.Deploy.0 = Debug|Any CPU
		{51383A26-6533-459C-BA05-C8AE9AF49C18}.Debug|x86.ActiveCfg = Debug|Any CPU
		{51383A26-6533-459C-BA05-C8AE9AF49C18}.Debug|x86.Build.0 = Debug|Any CPU
		{51383A26-6533-459C-BA05-C8AE9AF49C18}.Debug|x86.Deploy.0 = Debug|Any CPU
		{51383A26-6533-459C-BA05-C8AE9AF49C18}.Release|Any CPU.ActiveCfg = Release|Any CPU
		{51383A26-6533-459C-BA05-C8AE9AF49C18}.Release|Any CPU.Build.0 = Release|Any CPU
		{51383A26-6533-459C-BA05-C8AE9AF49C18}.Release|Any CPU.Deploy.0 = Release|Any CPU
		{51383A26-6533-459C-BA05-C8AE9AF49C18}.Release|ARM.ActiveCfg = Release|Any CPU
		{51383A26-6533-459C-BA05-C8AE9AF49C18}.Release|ARM.Build.0 = Release|Any CPU
		{51383A26-6533-459C-BA05-C8AE9AF49C18}.Release|ARM.Deploy.0 = Release|Any CPU
		{51383A26-6533-459C-BA05-C8AE9AF49C18}.Release|iPhone.ActiveCfg = Release|Any CPU
		{51383A26-6533-459C-BA05-C8AE9AF49C18}.Release|iPhone.Build.0 = Release|Any CPU
		{51383A26-6533-459C-BA05-C8AE9AF49C18}.Release|iPhone.Deploy.0 = Release|Any CPU
		{51383A26-6533-459C-BA05-C8AE9AF49C18}.Release|iPhoneSimulator.ActiveCfg = Release|Any CPU
		{51383A26-6533-459C-BA05-C8AE9AF49C18}.Release|iPhoneSimulator.Build.0 = Release|Any CPU
		{51383A26-6533-459C-BA05-C8AE9AF49C18}.Release|iPhoneSimulator.Deploy.0 = Release|Any CPU
		{51383A26-6533-459C-BA05-C8AE9AF49C18}.Release|x64.ActiveCfg = Release|Any CPU
		{51383A26-6533-459C-BA05-C8AE9AF49C18}.Release|x64.Build.0 = Release|Any CPU
		{51383A26-6533-459C-BA05-C8AE9AF49C18}.Release|x64.Deploy.0 = Release|Any CPU
		{51383A26-6533-459C-BA05-C8AE9AF49C18}.Release|x86.ActiveCfg = Release|Any CPU
		{51383A26-6533-459C-BA05-C8AE9AF49C18}.Release|x86.Build.0 = Release|Any CPU
		{51383A26-6533-459C-BA05-C8AE9AF49C18}.Release|x86.Deploy.0 = Release|Any CPU
	EndGlobalSection
	GlobalSection(SolutionProperties) = preSolution
		HideSolutionNode = FALSE
	EndGlobalSection
	GlobalSection(ExtensibilityGlobals) = postSolution
		SolutionGuid = {C734580B-20FB-40F3-8B9F-E41667C6279C}
	EndGlobalSection
EndGlobal
